
Microsoft Visual Studio Solution File, Format Version 12.00
# Visual Studio Version 16
VisualStudioVersion = 16.0.29806.167
MinimumVisualStudioVersion = 10.0.40219.1
Project("{FAE04EC0-301F-11D3-BF4B-00C04F79EFBC}") = "FullTrust", "FullTrust\FullTrust.csproj", "{78822BEE-FE4F-4F79-8148-EEAFF8D00915}"
EndProject
Project("{C7167F0D-BC9F-4E6E-AFE1-012C56B48DB5}") = "Package", "Package\Package.wapproj", "{3077591F-C010-4F98-9811-125233F93DA9}"
EndProject
Project("{FAE04EC0-301F-11D3-BF4B-00C04F79EFBC}") = "HateSpeechDetector", "HateSpeechDetector\HateSpeechDetector.csproj", "{61CEF3F3-B98D-4816-B816-E87CE1194BD3}"
EndProject
Project("{FAE04EC0-301F-11D3-BF4B-00C04F79EFBC}") = "HateSpeechDetector.Tests.MSTest", "HateSpeechDetector.Tests.MSTest\HateSpeechDetector.Tests.MSTest.csproj", "{A5417D83-0FED-45DB-AA42-DBF764505B50}"
EndProject
Project("{9A19103F-16F7-4668-BE54-9A1E7A4F7556}") = "HateSpeechDetector.Core", "HateSpeechDetector.Core\HateSpeechDetector.Core.csproj", "{1CF334E5-355E-40D0-84CA-06CE9149AAB9}"
EndProject
Global
	GlobalSection(SolutionConfigurationPlatforms) = preSolution
		Debug|Any CPU = Debug|Any CPU
		Debug|ARM = Debug|ARM
		Debug|ARM64 = Debug|ARM64
		Debug|x64 = Debug|x64
		Debug|x86 = Debug|x86
		Release|Any CPU = Release|Any CPU
		Release|ARM = Release|ARM
		Release|ARM64 = Release|ARM64
		Release|x64 = Release|x64
		Release|x86 = Release|x86
	EndGlobalSection
	GlobalSection(ProjectConfigurationPlatforms) = postSolution
		{78822BEE-FE4F-4F79-8148-EEAFF8D00915}.Debug|Any CPU.ActiveCfg = Debug|Any CPU
		{78822BEE-FE4F-4F79-8148-EEAFF8D00915}.Debug|Any CPU.Build.0 = Debug|Any CPU
		{78822BEE-FE4F-4F79-8148-EEAFF8D00915}.Debug|ARM.ActiveCfg = Debug|Any CPU
		{78822BEE-FE4F-4F79-8148-EEAFF8D00915}.Debug|ARM.Build.0 = Debug|Any CPU
		{78822BEE-FE4F-4F79-8148-EEAFF8D00915}.Debug|ARM64.ActiveCfg = Debug|Any CPU
		{78822BEE-FE4F-4F79-8148-EEAFF8D00915}.Debug|ARM64.Build.0 = Debug|Any CPU
		{78822BEE-FE4F-4F79-8148-EEAFF8D00915}.Debug|x64.ActiveCfg = Debug|Any CPU
		{78822BEE-FE4F-4F79-8148-EEAFF8D00915}.Debug|x64.Build.0 = Debug|Any CPU
		{78822BEE-FE4F-4F79-8148-EEAFF8D00915}.Debug|x86.ActiveCfg = Debug|Any CPU
		{78822BEE-FE4F-4F79-8148-EEAFF8D00915}.Debug|x86.Build.0 = Debug|Any CPU
		{78822BEE-FE4F-4F79-8148-EEAFF8D00915}.Release|Any CPU.ActiveCfg = Release|Any CPU
		{78822BEE-FE4F-4F79-8148-EEAFF8D00915}.Release|Any CPU.Build.0 = Release|Any CPU
		{78822BEE-FE4F-4F79-8148-EEAFF8D00915}.Release|ARM.ActiveCfg = Release|Any CPU
		{78822BEE-FE4F-4F79-8148-EEAFF8D00915}.Release|ARM.Build.0 = Release|Any CPU
		{78822BEE-FE4F-4F79-8148-EEAFF8D00915}.Release|ARM64.ActiveCfg = Release|Any CPU
		{78822BEE-FE4F-4F79-8148-EEAFF8D00915}.Release|ARM64.Build.0 = Release|Any CPU
		{78822BEE-FE4F-4F79-8148-EEAFF8D00915}.Release|x64.ActiveCfg = Release|Any CPU
		{78822BEE-FE4F-4F79-8148-EEAFF8D00915}.Release|x64.Build.0 = Release|Any CPU
		{78822BEE-FE4F-4F79-8148-EEAFF8D00915}.Release|x86.ActiveCfg = Release|Any CPU
		{78822BEE-FE4F-4F79-8148-EEAFF8D00915}.Release|x86.Build.0 = Release|Any CPU
		{3077591F-C010-4F98-9811-125233F93DA9}.Debug|Any CPU.ActiveCfg = Debug|Any CPU
		{3077591F-C010-4F98-9811-125233F93DA9}.Debug|Any CPU.Build.0 = Debug|Any CPU
		{3077591F-C010-4F98-9811-125233F93DA9}.Debug|Any CPU.Deploy.0 = Debug|Any CPU
		{3077591F-C010-4F98-9811-125233F93DA9}.Debug|ARM.ActiveCfg = Debug|ARM
		{3077591F-C010-4F98-9811-125233F93DA9}.Debug|ARM.Build.0 = Debug|ARM
		{3077591F-C010-4F98-9811-125233F93DA9}.Debug|ARM.Deploy.0 = Debug|ARM
		{3077591F-C010-4F98-9811-125233F93DA9}.Debug|ARM64.ActiveCfg = Debug|Any CPU
		{3077591F-C010-4F98-9811-125233F93DA9}.Debug|ARM64.Build.0 = Debug|Any CPU
		{3077591F-C010-4F98-9811-125233F93DA9}.Debug|ARM64.Deploy.0 = Debug|Any CPU
		{3077591F-C010-4F98-9811-125233F93DA9}.Debug|x64.ActiveCfg = Debug|x64
		{3077591F-C010-4F98-9811-125233F93DA9}.Debug|x64.Build.0 = Debug|x64
		{3077591F-C010-4F98-9811-125233F93DA9}.Debug|x64.Deploy.0 = Debug|x64
		{3077591F-C010-4F98-9811-125233F93DA9}.Debug|x86.ActiveCfg = Debug|x86
		{3077591F-C010-4F98-9811-125233F93DA9}.Debug|x86.Build.0 = Debug|x86
		{3077591F-C010-4F98-9811-125233F93DA9}.Debug|x86.Deploy.0 = Debug|x86
		{3077591F-C010-4F98-9811-125233F93DA9}.Release|Any CPU.ActiveCfg = Release|Any CPU
		{3077591F-C010-4F98-9811-125233F93DA9}.Release|Any CPU.Build.0 = Release|Any CPU
		{3077591F-C010-4F98-9811-125233F93DA9}.Release|Any CPU.Deploy.0 = Release|Any CPU
		{3077591F-C010-4F98-9811-125233F93DA9}.Release|ARM.ActiveCfg = Release|ARM
		{3077591F-C010-4F98-9811-125233F93DA9}.Release|ARM.Build.0 = Release|ARM
		{3077591F-C010-4F98-9811-125233F93DA9}.Release|ARM.Deploy.0 = Release|ARM
		{3077591F-C010-4F98-9811-125233F93DA9}.Release|ARM64.ActiveCfg = Release|Any CPU
		{3077591F-C010-4F98-9811-125233F93DA9}.Release|ARM64.Build.0 = Release|Any CPU
		{3077591F-C010-4F98-9811-125233F93DA9}.Release|ARM64.Deploy.0 = Release|Any CPU
		{3077591F-C010-4F98-9811-125233F93DA9}.Release|x64.ActiveCfg = Release|x64
		{3077591F-C010-4F98-9811-125233F93DA9}.Release|x64.Build.0 = Release|x64
		{3077591F-C010-4F98-9811-125233F93DA9}.Release|x64.Deploy.0 = Release|x64
		{3077591F-C010-4F98-9811-125233F93DA9}.Release|x86.ActiveCfg = Release|x86
		{3077591F-C010-4F98-9811-125233F93DA9}.Release|x86.Build.0 = Release|x86
		{3077591F-C010-4F98-9811-125233F93DA9}.Release|x86.Deploy.0 = Release|x86
		{61CEF3F3-B98D-4816-B816-E87CE1194BD3}.Debug|Any CPU.ActiveCfg = Debug|x86
		{61CEF3F3-B98D-4816-B816-E87CE1194BD3}.Debug|ARM.ActiveCfg = Debug|ARM
		{61CEF3F3-B98D-4816-B816-E87CE1194BD3}.Debug|ARM.Build.0 = Debug|ARM
		{61CEF3F3-B98D-4816-B816-E87CE1194BD3}.Debug|ARM.Deploy.0 = Debug|ARM
		{61CEF3F3-B98D-4816-B816-E87CE1194BD3}.Debug|ARM64.ActiveCfg = Debug|ARM64
		{61CEF3F3-B98D-4816-B816-E87CE1194BD3}.Debug|ARM64.Build.0 = Debug|ARM64
		{61CEF3F3-B98D-4816-B816-E87CE1194BD3}.Debug|ARM64.Deploy.0 = Debug|ARM64
		{61CEF3F3-B98D-4816-B816-E87CE1194BD3}.Debug|x64.ActiveCfg = Debug|x64
		{61CEF3F3-B98D-4816-B816-E87CE1194BD3}.Debug|x64.Build.0 = Debug|x64
		{61CEF3F3-B98D-4816-B816-E87CE1194BD3}.Debug|x64.Deploy.0 = Debug|x64
		{61CEF3F3-B98D-4816-B816-E87CE1194BD3}.Debug|x86.ActiveCfg = Debug|x86
		{61CEF3F3-B98D-4816-B816-E87CE1194BD3}.Debug|x86.Build.0 = Debug|x86
		{61CEF3F3-B98D-4816-B816-E87CE1194BD3}.Debug|x86.Deploy.0 = Debug|x86
		{61CEF3F3-B98D-4816-B816-E87CE1194BD3}.Release|Any CPU.ActiveCfg = Release|x86
		{61CEF3F3-B98D-4816-B816-E87CE1194BD3}.Release|ARM.ActiveCfg = Release|ARM
		{61CEF3F3-B98D-4816-B816-E87CE1194BD3}.Release|ARM.Build.0 = Release|ARM
		{61CEF3F3-B98D-4816-B816-E87CE1194BD3}.Release|ARM.Deploy.0 = Release|ARM
		{61CEF3F3-B98D-4816-B816-E87CE1194BD3}.Release|ARM64.ActiveCfg = Release|ARM64
		{61CEF3F3-B98D-4816-B816-E87CE1194BD3}.Release|ARM64.Build.0 = Release|ARM64
		{61CEF3F3-B98D-4816-B816-E87CE1194BD3}.Release|ARM64.Deploy.0 = Release|ARM64
		{61CEF3F3-B98D-4816-B816-E87CE1194BD3}.Release|x64.ActiveCfg = Release|x64
		{61CEF3F3-B98D-4816-B816-E87CE1194BD3}.Release|x64.Build.0 = Release|x64
		{61CEF3F3-B98D-4816-B816-E87CE1194BD3}.Release|x64.Deploy.0 = Release|x64
		{61CEF3F3-B98D-4816-B816-E87CE1194BD3}.Release|x86.ActiveCfg = Release|x86
		{61CEF3F3-B98D-4816-B816-E87CE1194BD3}.Release|x86.Build.0 = Release|x86
		{61CEF3F3-B98D-4816-B816-E87CE1194BD3}.Release|x86.Deploy.0 = Release|x86
		{A5417D83-0FED-45DB-AA42-DBF764505B50}.Debug|Any CPU.ActiveCfg = Debug|x86
		{A5417D83-0FED-45DB-AA42-DBF764505B50}.Debug|ARM.ActiveCfg = Debug|ARM
		{A5417D83-0FED-45DB-AA42-DBF764505B50}.Debug|ARM.Build.0 = Debug|ARM
		{A5417D83-0FED-45DB-AA42-DBF764505B50}.Debug|ARM.Deploy.0 = Debug|ARM
		{A5417D83-0FED-45DB-AA42-DBF764505B50}.Debug|ARM64.ActiveCfg = Debug|x86
		{A5417D83-0FED-45DB-AA42-DBF764505B50}.Debug|x64.ActiveCfg = Debug|x64
		{A5417D83-0FED-45DB-AA42-DBF764505B50}.Debug|x64.Build.0 = Debug|x64
		{A5417D83-0FED-45DB-AA42-DBF764505B50}.Debug|x64.Deploy.0 = Debug|x64
		{A5417D83-0FED-45DB-AA42-DBF764505B50}.Debug|x86.ActiveCfg = Debug|x86
		{A5417D83-0FED-45DB-AA42-DBF764505B50}.Debug|x86.Build.0 = Debug|x86
		{A5417D83-0FED-45DB-AA42-DBF764505B50}.Debug|x86.Deploy.0 = Debug|x86
		{A5417D83-0FED-45DB-AA42-DBF764505B50}.Release|Any CPU.ActiveCfg = Release|x86
		{A5417D83-0FED-45DB-AA42-DBF764505B50}.Release|ARM.ActiveCfg = Release|ARM
		{A5417D83-0FED-45DB-AA42-DBF764505B50}.Release|ARM.Build.0 = Release|ARM
		{A5417D83-0FED-45DB-AA42-DBF764505B50}.Release|ARM.Deploy.0 = Release|ARM
		{A5417D83-0FED-45DB-AA42-DBF764505B50}.Release|ARM64.ActiveCfg = Release|x86
		{A5417D83-0FED-45DB-AA42-DBF764505B50}.Release|x64.ActiveCfg = Release|x64
		{A5417D83-0FED-45DB-AA42-DBF764505B50}.Release|x64.Build.0 = Release|x64
		{A5417D83-0FED-45DB-AA42-DBF764505B50}.Release|x64.Deploy.0 = Release|x64
		{A5417D83-0FED-45DB-AA42-DBF764505B50}.Release|x86.ActiveCfg = Release|x86
		{A5417D83-0FED-45DB-AA42-DBF764505B50}.Release|x86.Build.0 = Release|x86
		{A5417D83-0FED-45DB-AA42-DBF764505B50}.Release|x86.Deploy.0 = Release|x86
		{1CF334E5-355E-40D0-84CA-06CE9149AAB9}.Debug|Any CPU.ActiveCfg = Debug|Any CPU
		{1CF334E5-355E-40D0-84CA-06CE9149AAB9}.Debug|Any CPU.Build.0 = Debug|Any CPU
		{1CF334E5-355E-40D0-84CA-06CE9149AAB9}.Debug|ARM.ActiveCfg = Debug|Any CPU
		{1CF334E5-355E-40D0-84CA-06CE9149AAB9}.Debug|ARM.Build.0 = Debug|Any CPU
		{1CF334E5-355E-40D0-84CA-06CE9149AAB9}.Debug|ARM64.ActiveCfg = Debug|Any CPU
		{1CF334E5-355E-40D0-84CA-06CE9149AAB9}.Debug|ARM64.Build.0 = Debug|Any CPU
		{1CF334E5-355E-40D0-84CA-06CE9149AAB9}.Debug|x64.ActiveCfg = Debug|Any CPU
		{1CF334E5-355E-40D0-84CA-06CE9149AAB9}.Debug|x64.Build.0 = Debug|Any CPU
		{1CF334E5-355E-40D0-84CA-06CE9149AAB9}.Debug|x86.ActiveCfg = Debug|Any CPU
		{1CF334E5-355E-40D0-84CA-06CE9149AAB9}.Debug|x86.Build.0 = Debug|Any CPU
		{1CF334E5-355E-40D0-84CA-06CE9149AAB9}.Release|Any CPU.ActiveCfg = Release|Any CPU
		{1CF334E5-355E-40D0-84CA-06CE9149AAB9}.Release|Any CPU.Build.0 = Release|Any CPU
		{1CF334E5-355E-40D0-84CA-06CE9149AAB9}.Release|ARM.ActiveCfg = Release|Any CPU
		{1CF334E5-355E-40D0-84CA-06CE9149AAB9}.Release|ARM.Build.0 = Release|Any CPU
		{1CF334E5-355E-40D0-84CA-06CE9149AAB9}.Release|ARM64.ActiveCfg = Release|Any CPU
		{1CF334E5-355E-40D0-84CA-06CE9149AAB9}.Release|ARM64.Build.0 = Release|Any CPU
		{1CF334E5-355E-40D0-84CA-06CE9149AAB9}.Release|x64.ActiveCfg = Release|Any CPU
		{1CF334E5-355E-40D0-84CA-06CE9149AAB9}.Release|x64.Build.0 = Release|Any CPU
		{1CF334E5-355E-40D0-84CA-06CE9149AAB9}.Release|x86.ActiveCfg = Release|Any CPU
		{1CF334E5-355E-40D0-84CA-06CE9149AAB9}.Release|x86.Build.0 = Release|Any CPU
	EndGlobalSection
	GlobalSection(SolutionProperties) = preSolution
		HideSolutionNode = FALSE
	EndGlobalSection
	GlobalSection(ExtensibilityGlobals) = postSolution
		SolutionGuid = {E7FC2A0A-FA91-4950-B4F3-4D760FB2E416}
	EndGlobalSection
EndGlobal
